<?xml version="1.0" encoding="UTF-8"?>
<Scheme
   LastUpgradeVersion = "1640"
   version = "1.7">
   <BuildAction
      parallelizeBuildables = "YES"
      buildImplicitDependencies = "YES">
      <BuildActionEntries>
         <BuildActionEntry
            buildForTesting = "YES"
            buildForRunning = "YES"
            buildForProfiling = "YES"
            buildForArchiving = "NO"
            buildForAnalyzing = "YES">
            <BuildableReference
               BuildableIdentifier = "primary"
               BlueprintIdentifier = "3943B3F2FEBF7A2893C3A286"
               BuildableName = "TableMakerPublish.app"
               BlueprintName = "TableMakerPublish"
               ReferencedContainer = "container:TableMakerPublish.xcodeproj">
            </BuildableReference>
         </BuildActionEntry>
      </BuildActionEntries>
   </BuildAction>
   <TestAction
      buildConfiguration = "Debug"
      selectedDebuggerIdentifier = ""
      selectedLauncherIdentifier = "Xcode.IDEFoundation.Launcher.PosixSpawn"
      shouldUseLaunchSchemeArgsEnv = "YES">
      <MacroExpansion>
         <BuildableReference
            BuildableIdentifier = "primary"
            BlueprintIdentifier = "3943B3F2FEBF7A2893C3A286"
            BuildableName = "TableMakerPublish.app"
            BlueprintName = "TableMakerPublish"
            ReferencedContainer = "container:TableMakerPublish.xcodeproj">
         </BuildableReference>
      </MacroExpansion>
      <Testables>
         <TestableReference
            skipped = "NO"
            parallelizable = "NO">
            <BuildableReference
               BuildableIdentifier = "primary"
               BlueprintIdentifier = "DE3AD4649AEE1F7B8D80A258"
               BuildableName = "TableMakerPublishTests.xctest"
               BlueprintName = "TableMakerPublishTests"
               ReferencedContainer = "container:TableMakerPublish.xcodeproj">
            </BuildableReference>
         </TestableReference>
         <TestableReference
            skipped = "NO">
            <BuildableReference
               BuildableIdentifier = "primary"
               BlueprintIdentifier = "0AEB6519E805769EF3061A4F"
               BuildableName = "TableMakerPublishUITests.xctest"
               BlueprintName = "TableMakerPublishUITests"
               ReferencedContainer = "container:TableMakerPublish.xcodeproj">
            </BuildableReference>
         </TestableReference>
      </Testables>
   </TestAction>
   <LaunchAction
      buildConfiguration = "Release"
      selectedDebuggerIdentifier = ""
      selectedLauncherIdentifier = "Xcode.IDEFoundation.Launcher.PosixSpawn"
      launchStyle = "0"
      useCustomWorkingDirectory = "NO"
      ignoresPersistentStateOnLaunch = "YES"
      debugDocumentVersioning = "NO"
      debugServiceExtension = "internal"
      enableGPUValidationMode = "1"
      allowLocationSimulation = "YES">
      <BuildableProductRunnable
         runnableDebuggingMode = "0">
         <BuildableReference
            BuildableIdentifier = "primary"
            BlueprintIdentifier = "3943B3F2FEBF7A2893C3A286"
            BuildableName = "TableMakerPublish.app"
            BlueprintName = "TableMakerPublish"
            ReferencedContainer = "container:TableMakerPublish.xcodeproj">
         </BuildableReference>
      </BuildableProductRunnable>
      <LocationScenarioReference
         identifier = "com.apple.dt.IDEFoundation.CurrentLocationScenarioIdentifier"
         referenceType = "1">
      </LocationScenarioReference>
      <StoreKitConfigurationFileReference
         identifier = "../../../Library/Developer/Xcode/DerivedData/TableMakerPublish-corfheskalshjpeaypboicuywarx/SourcePackages/checkouts/purchases-ios/Examples/rc-maestro/rc-maestro/Resources/StoreKit/StoreKitConfiguration.storekit">
      </StoreKitConfigurationFileReference>
   </LaunchAction>
   <ProfileAction
      buildConfiguration = "Release"
      shouldUseLaunchSchemeArgsEnv = "YES"
      savedToolIdentifier = ""
      useCustomWorkingDirectory = "NO"
      debugDocumentVersioning = "YES">
      <BuildableProductRunnable
         runnableDebuggingMode = "0">
         <BuildableReference
            BuildableIdentifier = "primary"
            BlueprintIdentifier = "3943B3F2FEBF7A2893C3A286"
            BuildableName = "TableMakerPublish.app"
            BlueprintName = "TableMakerPublish"
            ReferencedContainer = "container:TableMakerPublish.xcodeproj">
         </BuildableReference>
      </BuildableProductRunnable>
   </ProfileAction>
   <AnalyzeAction
      buildConfiguration = "Release">
   </AnalyzeAction>
   <ArchiveAction
      buildConfiguration = "Release"
      revealArchiveInOrganizer = "YES">
   </ArchiveAction>
</Scheme>
